
Microsoft Visual Studio Solution File, Format Version 12.00
# Visual Studio Version 17
VisualStudioVersion = 17.7.33711.374
MinimumVisualStudioVersion = 10.0.40219.1
Project("{FAE04EC0-301F-11D3-BF4B-00C04F79EFBC}") = "Proyectoconjoaco", "Proyectoconjoaco\Proyectoconjoaco.csproj", "{F26954CE-563B-4E2E-A293-699D6B337E70}"
EndProject
Global
	GlobalSection(SolutionConfigurationPlatforms) = preSolution
		Debug|Any CPU = Debug|Any CPU
		Release|Any CPU = Release|Any CPU
	EndGlobalSection
	GlobalSection(ProjectConfigurationPlatforms) = postSolution
		{F26954CE-563B-4E2E-A293-699D6B337E70}.Debug|Any CPU.ActiveCfg = Debug|Any CPU
		{F26954CE-563B-4E2E-A293-699D6B337E70}.Debug|Any CPU.Build.0 = Debug|Any CPU
		{F26954CE-563B-4E2E-A293-699D6B337E70}.Release|Any CPU.ActiveCfg = Release|Any CPU
		{F26954CE-563B-4E2E-A293-699D6B337E70}.Release|Any CPU.Build.0 = Release|Any CPU
	EndGlobalSection
	GlobalSection(SolutionProperties) = preSolution
		HideSolutionNode = FALSE
	EndGlobalSection
	GlobalSection(ExtensibilityGlobals) = postSolution
		SolutionGuid = {B4730921-A5B6-4215-9DD2-69A73443BAFC}
	EndGlobalSection
EndGlobal
